// !$*UTF8*$!
{
	archiveVersion = 1;
	classes = {
	};
	objectVersion = 46;
	objects = {

/* Begin PBXBuildFile section */
		224274951913C17600B505C0 /* Foundation.framework in Frameworks */ = {isa = PBXBuildFile; fileRef = 224274941913C17600B505C0 /* Foundation.framework */; };
		224274971913C17600B505C0 /* CoreGraphics.framework in Frameworks */ = {isa = PBXBuildFile; fileRef = 224274961913C17600B505C0 /* CoreGraphics.framework */; };
		224274991913C17600B505C0 /* UIKit.framework in Frameworks */ = {isa = PBXBuildFile; fileRef = 224274981913C17600B505C0 /* UIKit.framework */; };
		2242749F1913C17600B505C0 /* InfoPlist.strings in Resources */ = {isa = PBXBuildFile; fileRef = 2242749D1913C17600B505C0 /* InfoPlist.strings */; };
		224274A11913C17600B505C0 /* main.m in Sources */ = {isa = PBXBuildFile; fileRef = 224274A01913C17600B505C0 /* main.m */; };
		224274A51913C17600B505C0 /* AppDelegate.m in Sources */ = {isa = PBXBuildFile; fileRef = 224274A41913C17600B505C0 /* AppDelegate.m */; };
		224274A81913C17600B505C0 /* Main.storyboard in Resources */ = {isa = PBXBuildFile; fileRef = 224274A61913C17600B505C0 /* Main.storyboard */; };
		224274AB1913C17600B505C0 /* ViewController.m in Sources */ = {isa = PBXBuildFile; fileRef = 224274AA1913C17600B505C0 /* ViewController.m */; };
		224274AD1913C17600B505C0 /* Images.xcassets in Resources */ = {isa = PBXBuildFile; fileRef = 224274AC1913C17600B505C0 /* Images.xcassets */; };
		224274B41913C17600B505C0 /* XCTest.framework in Frameworks */ = {isa = PBXBuildFile; fileRef = 224274B31913C17600B505C0 /* XCTest.framework */; };
		224274B51913C17600B505C0 /* Foundation.framework in Frameworks */ = {isa = PBXBuildFile; fileRef = 224274941913C17600B505C0 /* Foundation.framework */; };
		224274B61913C17600B505C0 /* UIKit.framework in Frameworks */ = {isa = PBXBuildFile; fileRef = 224274981913C17600B505C0 /* UIKit.framework */; };
		224274BE1913C17600B505C0 /* InfoPlist.strings in Resources */ = {isa = PBXBuildFile; fileRef = 224274BC1913C17600B505C0 /* InfoPlist.strings */; };
		224274C01913C17600B505C0 /* VocAppTests.m in Sources */ = {isa = PBXBuildFile; fileRef = 224274BF1913C17600B505C0 /* VocAppTests.m */; };
		224274CB1913C3DF00B505C0 /* NewUserViewController.m in Sources */ = {isa = PBXBuildFile; fileRef = 224274CA1913C3DF00B505C0 /* NewUserViewController.m */; };
		224274CD1913C51800B505C0 /* Parse.framework in Frameworks */ = {isa = PBXBuildFile; fileRef = 224274CC1913C51800B505C0 /* Parse.framework */; };
		224274CF1913C56600B505C0 /* AudioToolbox.framework in Frameworks */ = {isa = PBXBuildFile; fileRef = 224274CE1913C56600B505C0 /* AudioToolbox.framework */; };
		224274D11913C57C00B505C0 /* CFNetwork.framework in Frameworks */ = {isa = PBXBuildFile; fileRef = 224274D01913C57C00B505C0 /* CFNetwork.framework */; };
		224274D31913C59C00B505C0 /* CoreLocation.framework in Frameworks */ = {isa = PBXBuildFile; fileRef = 224274D21913C59C00B505C0 /* CoreLocation.framework */; };
		224274D51913C63200B505C0 /* libz.dylib in Frameworks */ = {isa = PBXBuildFile; fileRef = 224274D41913C63200B505C0 /* libz.dylib */; };
		224274D71913C64500B505C0 /* MobileCoreServices.framework in Frameworks */ = {isa = PBXBuildFile; fileRef = 224274D61913C64500B505C0 /* MobileCoreServices.framework */; };
		224274D91913C65900B505C0 /* QuartzCore.framework in Frameworks */ = {isa = PBXBuildFile; fileRef = 224274D81913C65900B505C0 /* QuartzCore.framework */; };
		224274DB1913C66800B505C0 /* Security.framework in Frameworks */ = {isa = PBXBuildFile; fileRef = 224274DA1913C66800B505C0 /* Security.framework */; };
		224274DD1913C67A00B505C0 /* StoreKit.framework in Frameworks */ = {isa = PBXBuildFile; fileRef = 224274DC1913C67A00B505C0 /* StoreKit.framework */; };
		224274DF1913C69800B505C0 /* SystemConfiguration.framework in Frameworks */ = {isa = PBXBuildFile; fileRef = 224274DE1913C69800B505C0 /* SystemConfiguration.framework */; };
/* End PBXBuildFile section */

/* Begin PBXContainerItemProxy section */
		224274B71913C17600B505C0 /* PBXContainerItemProxy */ = {
			isa = PBXContainerItemProxy;
			containerPortal = 224274891913C17600B505C0 /* Project object */;
			proxyType = 1;
			remoteGlobalIDString = 224274901913C17600B505C0;
			remoteInfo = VocApp;
		};
/* End PBXContainerItemProxy section */

/* Begin PBXFileReference section */
		224274911913C17600B505C0 /* VocApp.app */ = {isa = PBXFileReference; explicitFileType = wrapper.application; includeInIndex = 0; path = VocApp.app; sourceTree = BUILT_PRODUCTS_DIR; };
		224274941913C17600B505C0 /* Foundation.framework */ = {isa = PBXFileReference; lastKnownFileType = wrapper.framework; name = Foundation.framework; path = System/Library/Frameworks/Foundation.framework; sourceTree = SDKROOT; };
		224274961913C17600B505C0 /* CoreGraphics.framework */ = {isa = PBXFileReference; lastKnownFileType = wrapper.framework; name = CoreGraphics.framework; path = System/Library/Frameworks/CoreGraphics.framework; sourceTree = SDKROOT; };
		224274981913C17600B505C0 /* UIKit.framework */ = {isa = PBXFileReference; lastKnownFileType = wrapper.framework; name = UIKit.framework; path = System/Library/Frameworks/UIKit.framework; sourceTree = SDKROOT; };
		2242749C1913C17600B505C0 /* VocApp-Info.plist */ = {isa = PBXFileReference; lastKnownFileType = text.plist.xml; path = "VocApp-Info.plist"; sourceTree = "<group>"; };
		2242749E1913C17600B505C0 /* en */ = {isa = PBXFileReference; lastKnownFileType = text.plist.strings; name = en; path = en.lproj/InfoPlist.strings; sourceTree = "<group>"; };
		224274A01913C17600B505C0 /* main.m */ = {isa = PBXFileReference; lastKnownFileType = sourcecode.c.objc; path = main.m; sourceTree = "<group>"; };
		224274A21913C17600B505C0 /* VocApp-Prefix.pch */ = {isa = PBXFileReference; lastKnownFileType = sourcecode.c.h; path = "VocApp-Prefix.pch"; sourceTree = "<group>"; };
		224274A31913C17600B505C0 /* AppDelegate.h */ = {isa = PBXFileReference; lastKnownFileType = sourcecode.c.h; path = AppDelegate.h; sourceTree = "<group>"; };
		224274A41913C17600B505C0 /* AppDelegate.m */ = {isa = PBXFileReference; lastKnownFileType = sourcecode.c.objc; path = AppDelegate.m; sourceTree = "<group>"; };
		224274A71913C17600B505C0 /* Base */ = {isa = PBXFileReference; lastKnownFileType = file.storyboard; name = Base; path = Base.lproj/Main.storyboard; sourceTree = "<group>"; };
		224274A91913C17600B505C0 /* ViewController.h */ = {isa = PBXFileReference; lastKnownFileType = sourcecode.c.h; path = ViewController.h; sourceTree = "<group>"; };
		224274AA1913C17600B505C0 /* ViewController.m */ = {isa = PBXFileReference; lastKnownFileType = sourcecode.c.objc; path = ViewController.m; sourceTree = "<group>"; };
		224274AC1913C17600B505C0 /* Images.xcassets */ = {isa = PBXFileReference; lastKnownFileType = folder.assetcatalog; path = Images.xcassets; sourceTree = "<group>"; };
		224274B21913C17600B505C0 /* VocAppTests.xctest */ = {isa = PBXFileReference; explicitFileType = wrapper.cfbundle; includeInIndex = 0; path = VocAppTests.xctest; sourceTree = BUILT_PRODUCTS_DIR; };
		224274B31913C17600B505C0 /* XCTest.framework */ = {isa = PBXFileReference; lastKnownFileType = wrapper.framework; name = XCTest.framework; path = Library/Frameworks/XCTest.framework; sourceTree = DEVELOPER_DIR; };
		224274BB1913C17600B505C0 /* VocAppTests-Info.plist */ = {isa = PBXFileReference; lastKnownFileType = text.plist.xml; path = "VocAppTests-Info.plist"; sourceTree = "<group>"; };
		224274BD1913C17600B505C0 /* en */ = {isa = PBXFileReference; lastKnownFileType = text.plist.strings; name = en; path = en.lproj/InfoPlist.strings; sourceTree = "<group>"; };
		224274BF1913C17600B505C0 /* VocAppTests.m */ = {isa = PBXFileReference; lastKnownFileType = sourcecode.c.objc; path = VocAppTests.m; sourceTree = "<group>"; };
		224274C91913C3DF00B505C0 /* NewUserViewController.h */ = {isa = PBXFileReference; fileEncoding = 4; lastKnownFileType = sourcecode.c.h; path = NewUserViewController.h; sourceTree = "<group>"; };
		224274CA1913C3DF00B505C0 /* NewUserViewController.m */ = {isa = PBXFileReference; fileEncoding = 4; lastKnownFileType = sourcecode.c.objc; path = NewUserViewController.m; sourceTree = "<group>"; };
		224274CC1913C51800B505C0 /* Parse.framework */ = {isa = PBXFileReference; lastKnownFileType = wrapper.framework; path = Parse.framework; sourceTree = "<group>"; };
		224274CE1913C56600B505C0 /* AudioToolbox.framework */ = {isa = PBXFileReference; lastKnownFileType = wrapper.framework; name = AudioToolbox.framework; path = System/Library/Frameworks/AudioToolbox.framework; sourceTree = SDKROOT; };
		224274D01913C57C00B505C0 /* CFNetwork.framework */ = {isa = PBXFileReference; lastKnownFileType = wrapper.framework; name = CFNetwork.framework; path = System/Library/Frameworks/CFNetwork.framework; sourceTree = SDKROOT; };
		224274D21913C59C00B505C0 /* CoreLocation.framework */ = {isa = PBXFileReference; lastKnownFileType = wrapper.framework; name = CoreLocation.framework; path = System/Library/Frameworks/CoreLocation.framework; sourceTree = SDKROOT; };
		224274D41913C63200B505C0 /* libz.dylib */ = {isa = PBXFileReference; lastKnownFileType = "compiled.mach-o.dylib"; name = libz.dylib; path = usr/lib/libz.dylib; sourceTree = SDKROOT; };
		224274D61913C64500B505C0 /* MobileCoreServices.framework */ = {isa = PBXFileReference; lastKnownFileType = wrapper.framework; name = MobileCoreServices.framework; path = System/Library/Frameworks/MobileCoreServices.framework; sourceTree = SDKROOT; };
		224274D81913C65900B505C0 /* QuartzCore.framework */ = {isa = PBXFileReference; lastKnownFileType = wrapper.framework; name = QuartzCore.framework; path = System/Library/Frameworks/QuartzCore.framework; sourceTree = SDKROOT; };
		224274DA1913C66800B505C0 /* Security.framework */ = {isa = PBXFileReference; lastKnownFileType = wrapper.framework; name = Security.framework; path = System/Library/Frameworks/Security.framework; sourceTree = SDKROOT; };
		224274DC1913C67A00B505C0 /* StoreKit.framework */ = {isa = PBXFileReference; lastKnownFileType = wrapper.framework; name = StoreKit.framework; path = System/Library/Frameworks/StoreKit.framework; sourceTree = SDKROOT; };
		224274DE1913C69800B505C0 /* SystemConfiguration.framework */ = {isa = PBXFileReference; lastKnownFileType = wrapper.framework; name = SystemConfiguration.framework; path = System/Library/Frameworks/SystemConfiguration.framework; sourceTree = SDKROOT; };
/* End PBXFileReference section */

/* Begin PBXFrameworksBuildPhase section */
		2242748E1913C17600B505C0 /* Frameworks */ = {
			isa = PBXFrameworksBuildPhase;
			buildActionMask = 2147483647;
			files = (
				224274DF1913C69800B505C0 /* SystemConfiguration.framework in Frameworks */,
				224274DD1913C67A00B505C0 /* StoreKit.framework in Frameworks */,
				224274DB1913C66800B505C0 /* Security.framework in Frameworks */,
				224274D91913C65900B505C0 /* QuartzCore.framework in Frameworks */,
				224274D71913C64500B505C0 /* MobileCoreServices.framework in Frameworks */,
				224274D51913C63200B505C0 /* libz.dylib in Frameworks */,
				224274D31913C59C00B505C0 /* CoreLocation.framework in Frameworks */,
				224274971913C17600B505C0 /* CoreGraphics.framework in Frameworks */,
				224274D11913C57C00B505C0 /* CFNetwork.framework in Frameworks */,
				224274CF1913C56600B505C0 /* AudioToolbox.framework in Frameworks */,
				224274991913C17600B505C0 /* UIKit.framework in Frameworks */,
				224274CD1913C51800B505C0 /* Parse.framework in Frameworks */,
				224274951913C17600B505C0 /* Foundation.framework in Frameworks */,
			);
			runOnlyForDeploymentPostprocessing = 0;
		};
		224274AF1913C17600B505C0 /* Frameworks */ = {
			isa = PBXFrameworksBuildPhase;
			buildActionMask = 2147483647;
			files = (
				224274B41913C17600B505C0 /* XCTest.framework in Frameworks */,
				224274B61913C17600B505C0 /* UIKit.framework in Frameworks */,
				224274B51913C17600B505C0 /* Foundation.framework in Frameworks */,
			);
			runOnlyForDeploymentPostprocessing = 0;
		};
/* End PBXFrameworksBuildPhase section */

/* Begin PBXGroup section */
		224274881913C17600B505C0 = {
			isa = PBXGroup;
			children = (
				2242749A1913C17600B505C0 /* VocApp */,
				224274B91913C17600B505C0 /* VocAppTests */,
				224274931913C17600B505C0 /* Frameworks */,
				224274921913C17600B505C0 /* Products */,
			);
			sourceTree = "<group>";
		};
		224274921913C17600B505C0 /* Products */ = {
			isa = PBXGroup;
			children = (
				224274911913C17600B505C0 /* VocApp.app */,
				224274B21913C17600B505C0 /* VocAppTests.xctest */,
			);
			name = Products;
			sourceTree = "<group>";
		};
		224274931913C17600B505C0 /* Frameworks */ = {
			isa = PBXGroup;
			children = (
				224274DE1913C69800B505C0 /* SystemConfiguration.framework */,
				224274DC1913C67A00B505C0 /* StoreKit.framework */,
				224274DA1913C66800B505C0 /* Security.framework */,
				224274D81913C65900B505C0 /* QuartzCore.framework */,
				224274D61913C64500B505C0 /* MobileCoreServices.framework */,
				224274D41913C63200B505C0 /* libz.dylib */,
				224274D21913C59C00B505C0 /* CoreLocation.framework */,
				224274D01913C57C00B505C0 /* CFNetwork.framework */,
				224274CE1913C56600B505C0 /* AudioToolbox.framework */,
				224274CC1913C51800B505C0 /* Parse.framework */,
				224274941913C17600B505C0 /* Foundation.framework */,
				224274961913C17600B505C0 /* CoreGraphics.framework */,
				224274981913C17600B505C0 /* UIKit.framework */,
				224274B31913C17600B505C0 /* XCTest.framework */,
			);
			name = Frameworks;
			sourceTree = "<group>";
		};
		2242749A1913C17600B505C0 /* VocApp */ = {
			isa = PBXGroup;
			children = (
				224274A31913C17600B505C0 /* AppDelegate.h */,
				224274A41913C17600B505C0 /* AppDelegate.m */,
				224274A61913C17600B505C0 /* Main.storyboard */,
				224274A91913C17600B505C0 /* ViewController.h */,
				224274AA1913C17600B505C0 /* ViewController.m */,
				224274AC1913C17600B505C0 /* Images.xcassets */,
				2242749B1913C17600B505C0 /* Supporting Files */,
				224274C91913C3DF00B505C0 /* NewUserViewController.h */,
				224274CA1913C3DF00B505C0 /* NewUserViewController.m */,
			);
			path = VocApp;
			sourceTree = "<group>";
		};
		2242749B1913C17600B505C0 /* Supporting Files */ = {
			isa = PBXGroup;
			children = (
				2242749C1913C17600B505C0 /* VocApp-Info.plist */,
				2242749D1913C17600B505C0 /* InfoPlist.strings */,
				224274A01913C17600B505C0 /* main.m */,
				224274A21913C17600B505C0 /* VocApp-Prefix.pch */,
			);
			name = "Supporting Files";
			sourceTree = "<group>";
		};
		224274B91913C17600B505C0 /* VocAppTests */ = {
			isa = PBXGroup;
			children = (
				224274BF1913C17600B505C0 /* VocAppTests.m */,
				224274BA1913C17600B505C0 /* Supporting Files */,
			);
			path = VocAppTests;
			sourceTree = "<group>";
		};
		224274BA1913C17600B505C0 /* Supporting Files */ = {
			isa = PBXGroup;
			children = (
				224274BB1913C17600B505C0 /* VocAppTests-Info.plist */,
				224274BC1913C17600B505C0 /* InfoPlist.strings */,
			);
			name = "Supporting Files";
			sourceTree = "<group>";
		};
/* End PBXGroup section */

/* Begin PBXNativeTarget section */
		224274901913C17600B505C0 /* VocApp */ = {
			isa = PBXNativeTarget;
			buildConfigurationList = 224274C31913C17600B505C0 /* Build configuration list for PBXNativeTarget "VocApp" */;
			buildPhases = (
				2242748D1913C17600B505C0 /* Sources */,
				2242748E1913C17600B505C0 /* Frameworks */,
				2242748F1913C17600B505C0 /* Resources */,
			);
			buildRules = (
			);
			dependencies = (
			);
			name = VocApp;
			productName = VocApp;
			productReference = 224274911913C17600B505C0 /* VocApp.app */;
			productType = "com.apple.product-type.application";
		};
		224274B11913C17600B505C0 /* VocAppTests */ = {
			isa = PBXNativeTarget;
			buildConfigurationList = 224274C61913C17600B505C0 /* Build configuration list for PBXNativeTarget "VocAppTests" */;
			buildPhases = (
				224274AE1913C17600B505C0 /* Sources */,
				224274AF1913C17600B505C0 /* Frameworks */,
				224274B01913C17600B505C0 /* Resources */,
			);
			buildRules = (
			);
			dependencies = (
				224274B81913C17600B505C0 /* PBXTargetDependency */,
			);
			name = VocAppTests;
			productName = VocAppTests;
			productReference = 224274B21913C17600B505C0 /* VocAppTests.xctest */;
			productType = "com.apple.product-type.bundle.unit-test";
		};
/* End PBXNativeTarget section */

/* Begin PBXProject section */
		224274891913C17600B505C0 /* Project object */ = {
			isa = PBXProject;
			attributes = {
				LastUpgradeCheck = 0510;
				ORGANIZATIONNAME = VocApp;
				TargetAttributes = {
					224274B11913C17600B505C0 = {
						TestTargetID = 224274901913C17600B505C0;
					};
				};
			};
			buildConfigurationList = 2242748C1913C17600B505C0 /* Build configuration list for PBXProject "VocApp" */;
			compatibilityVersion = "Xcode 3.2";
			developmentRegion = English;
			hasScannedForEncodings = 0;
			knownRegions = (
				en,
				Base,
			);
			mainGroup = 224274881913C17600B505C0;
			productRefGroup = 224274921913C17600B505C0 /* Products */;
			projectDirPath = "";
			projectRoot = "";
			targets = (
				224274901913C17600B505C0 /* VocApp */,
				224274B11913C17600B505C0 /* VocAppTests */,
			);
		};
/* End PBXProject section */

/* Begin PBXResourcesBuildPhase section */
		2242748F1913C17600B505C0 /* Resources */ = {
			isa = PBXResourcesBuildPhase;
			buildActionMask = 2147483647;
			files = (
				224274AD1913C17600B505C0 /* Images.xcassets in Resources */,
				2242749F1913C17600B505C0 /* InfoPlist.strings in Resources */,
				224274A81913C17600B505C0 /* Main.storyboard in Resources */,
			);
			runOnlyForDeploymentPostprocessing = 0;
		};
		224274B01913C17600B505C0 /* Resources */ = {
			isa = PBXResourcesBuildPhase;
			buildActionMask = 2147483647;
			files = (
				224274BE1913C17600B505C0 /* InfoPlist.strings in Resources */,
			);
			runOnlyForDeploymentPostprocessing = 0;
		};
/* End PBXResourcesBuildPhase section */

/* Begin PBXSourcesBuildPhase section */
		2242748D1913C17600B505C0 /* Sources */ = {
			isa = PBXSourcesBuildPhase;
			buildActionMask = 2147483647;
			files = (
				224274AB1913C17600B505C0 /* ViewController.m in Sources */,
				224274A51913C17600B505C0 /* AppDelegate.m in Sources */,
				224274CB1913C3DF00B505C0 /* NewUserViewController.m in Sources */,
				224274A11913C17600B505C0 /* main.m in Sources */,
			);
			runOnlyForDeploymentPostprocessing = 0;
		};
		224274AE1913C17600B505C0 /* Sources */ = {
			isa = PBXSourcesBuildPhase;
			buildActionMask = 2147483647;
			files = (
				224274C01913C17600B505C0 /* VocAppTests.m in Sources */,
			);
			runOnlyForDeploymentPostprocessing = 0;
		};
/* End PBXSourcesBuildPhase section */

/* Begin PBXTargetDependency section */
		224274B81913C17600B505C0 /* PBXTargetDependency */ = {
			isa = PBXTargetDependency;
			target = 224274901913C17600B505C0 /* VocApp */;
			targetProxy = 224274B71913C17600B505C0 /* PBXContainerItemProxy */;
		};
/* End PBXTargetDependency section */

/* Begin PBXVariantGroup section */
		2242749D1913C17600B505C0 /* InfoPlist.strings */ = {
			isa = PBXVariantGroup;
			children = (
				2242749E1913C17600B505C0 /* en */,
			);
			name = InfoPlist.strings;
			sourceTree = "<group>";
		};
		224274A61913C17600B505C0 /* Main.storyboard */ = {
			isa = PBXVariantGroup;
			children = (
				224274A71913C17600B505C0 /* Base */,
			);
			name = Main.storyboard;
			sourceTree = "<group>";
		};
		224274BC1913C17600B505C0 /* InfoPlist.strings */ = {
			isa = PBXVariantGroup;
			children = (
				224274BD1913C17600B505C0 /* en */,
			);
			name = InfoPlist.strings;
			sourceTree = "<group>";
		};
/* End PBXVariantGroup section */

/* Begin XCBuildConfiguration section */
		224274C11913C17600B505C0 /* Debug */ = {
			isa = XCBuildConfiguration;
			buildSettings = {
				ALWAYS_SEARCH_USER_PATHS = NO;
				CLANG_CXX_LANGUAGE_STANDARD = "gnu++0x";
				CLANG_CXX_LIBRARY = "libc++";
				CLANG_ENABLE_MODULES = YES;
				CLANG_ENABLE_OBJC_ARC = YES;
				CLANG_WARN_BOOL_CONVERSION = YES;
				CLANG_WARN_CONSTANT_CONVERSION = YES;
				CLANG_WARN_DIRECT_OBJC_ISA_USAGE = YES_ERROR;
				CLANG_WARN_EMPTY_BODY = YES;
				CLANG_WARN_ENUM_CONVERSION = YES;
				CLANG_WARN_INT_CONVERSION = YES;
				CLANG_WARN_OBJC_ROOT_CLASS = YES_ERROR;
				CLANG_WARN__DUPLICATE_METHOD_MATCH = YES;
				"CODE_SIGN_IDENTITY[sdk=iphoneos*]" = "iPhone Developer";
				COPY_PHASE_STRIP = NO;
				GCC_C_LANGUAGE_STANDARD = gnu99;
				GCC_DYNAMIC_NO_PIC = NO;
				GCC_OPTIMIZATION_LEVEL = 0;
				GCC_PREPROCESSOR_DEFINITIONS = (
					"DEBUG=1",
					"$(inherited)",
				);
				GCC_SYMBOLS_PRIVATE_EXTERN = NO;
				GCC_WARN_64_TO_32_BIT_CONVERSION = YES;
				GCC_WARN_ABOUT_RETURN_TYPE = YES_ERROR;
				GCC_WARN_UNDECLARED_SELECTOR = YES;
				GCC_WARN_UNINITIALIZED_AUTOS = YES_AGGRESSIVE;
				GCC_WARN_UNUSED_FUNCTION = YES;
				GCC_WARN_UNUSED_VARIABLE = YES;
				IPHONEOS_DEPLOYMENT_TARGET = 7.1;
				ONLY_ACTIVE_ARCH = YES;
				SDKROOT = iphoneos;
			};
			name = Debug;
		};
		224274C21913C17600B505C0 /* Release */ = {
			isa = XCBuildConfiguration;
			buildSettings = {
				ALWAYS_SEARCH_USER_PATHS = NO;
				CLANG_CXX_LANGUAGE_STANDARD = "gnu++0x";
				CLANG_CXX_LIBRARY = "libc++";
				CLANG_ENABLE_MODULES = YES;
				CLANG_ENABLE_OBJC_ARC = YES;
				CLANG_WARN_BOOL_CONVERSION = YES;
				CLANG_WARN_CONSTANT_CONVERSION = YES;
				CLANG_WARN_DIRECT_OBJC_ISA_USAGE = YES_ERROR;
				CLANG_WARN_EMPTY_BODY = YES;
				CLANG_WARN_ENUM_CONVERSION = YES;
				CLANG_WARN_INT_CONVERSION = YES;
				CLANG_WARN_OBJC_ROOT_CLASS = YES_ERROR;
				CLANG_WARN__DUPLICATE_METHOD_MATCH = YES;
				"CODE_SIGN_IDENTITY[sdk=iphoneos*]" = "iPhone Developer";
				COPY_PHASE_STRIP = YES;
				ENABLE_NS_ASSERTIONS = NO;
				GCC_C_LANGUAGE_STANDARD = gnu99;
				GCC_WARN_64_TO_32_BIT_CONVERSION = YES;
				GCC_WARN_ABOUT_RETURN_TYPE = YES_ERROR;
				GCC_WARN_UNDECLARED_SELECTOR = YES;
				GCC_WARN_UNINITIALIZED_AUTOS = YES_AGGRESSIVE;
				GCC_WARN_UNUSED_FUNCTION = YES;
				GCC_WARN_UNUSED_VARIABLE = YES;
				IPHONEOS_DEPLOYMENT_TARGET = 7.1;
				SDKROOT = iphoneos;
				VALIDATE_PRODUCT = YES;
			};
			name = Release;
		};
		224274C41913C17600B505C0 /* Debug */ = {
			isa = XCBuildConfiguration;
			buildSettings = {
				ASSETCATALOG_COMPILER_APPICON_NAME = AppIcon;
				ASSETCATALOG_COMPILER_LAUNCHIMAGE_NAME = LaunchImage;
				FRAMEWORK_SEARCH_PATHS = (
					"$(inherited)",
					"$(PROJECT_DIR)",
				);
				GCC_PRECOMPILE_PREFIX_HEADER = YES;
				GCC_PREFIX_HEADER = "VocApp/VocApp-Prefix.pch";
				INFOPLIST_FILE = "VocApp/VocApp-Info.plist";
				PRODUCT_NAME = "$(TARGET_NAME)";
				WRAPPER_EXTENSION = app;
			};
			name = Debug;
		};
		224274C51913C17600B505C0 /* Release */ = {
			isa = XCBuildConfiguration;
			buildSettings = {
				ASSETCATALOG_COMPILER_APPICON_NAME = AppIcon;
				ASSETCATALOG_COMPILER_LAUNCHIMAGE_NAME = LaunchImage;
				FRAMEWORK_SEARCH_PATHS = (
					"$(inherited)",
					"$(PROJECT_DIR)",
				);
				GCC_PRECOMPILE_PREFIX_HEADER = YES;
				GCC_PREFIX_HEADER = "VocApp/VocApp-Prefix.pch";
				INFOPLIST_FILE = "VocApp/VocApp-Info.plist";
				PRODUCT_NAME = "$(TARGET_NAME)";
				WRAPPER_EXTENSION = app;
			};
			name = Release;
		};
		224274C71913C17600B505C0 /* Debug */ = {
			isa = XCBuildConfiguration;
			buildSettings = {
				BUNDLE_LOADER = "$(BUILT_PRODUCTS_DIR)/VocApp.app/VocApp";
				FRAMEWORK_SEARCH_PATHS = (
					"$(SDKROOT)/Developer/Library/Frameworks",
					"$(inherited)",
					"$(DEVELOPER_FRAMEWORKS_DIR)",
				);
				GCC_PRECOMPILE_PREFIX_HEADER = YES;
				GCC_PREFIX_HEADER = "VocApp/VocApp-Prefix.pch";
				GCC_PREPROCESSOR_DEFINITIONS = (
					"DEBUG=1",
					"$(inherited)",
				);
				INFOPLIST_FILE = "VocAppTests/VocAppTests-Info.plist";
				PRODUCT_NAME = "$(TARGET_NAME)";
				TEST_HOST = "$(BUNDLE_LOADER)";
				WRAPPER_EXTENSION = xctest;
			};
			name = Debug;
		};
		224274C81913C17600B505C0 /* Release */ = {
			isa = XCBuildConfiguration;
			buildSettings = {
				BUNDLE_LOADER = "$(BUILT_PRODUCTS_DIR)/VocApp.app/VocApp";
				FRAMEWORK_SEARCH_PATHS = (
					"$(SDKROOT)/Developer/Library/Frameworks",
					"$(inherited)",
					"$(DEVELOPER_FRAMEWORKS_DIR)",
				);
				GCC_PRECOMPILE_PREFIX_HEADER = YES;
				GCC_PREFIX_HEADER = "VocApp/VocApp-Prefix.pch";
				INFOPLIST_FILE = "VocAppTests/VocAppTests-Info.plist";
				PRODUCT_NAME = "$(TARGET_NAME)";
				TEST_HOST = "$(BUNDLE_LOADER)";
				WRAPPER_EXTENSION = xctest;
			};
			name = Release;
		};
/* End XCBuildConfiguration section */

/* Begin XCConfigurationList section */
		2242748C1913C17600B505C0 /* Build configuration list for PBXProject "VocApp" */ = {
			isa = XCConfigurationList;
			buildConfigurations = (
				224274C11913C17600B505C0 /* Debug */,
				224274C21913C17600B505C0 /* Release */,
			);
			defaultConfigurationIsVisible = 0;
			defaultConfigurationName = Release;
		};
		224274C31913C17600B505C0 /* Build configuration list for PBXNativeTarget "VocApp" */ = {
			isa = XCConfigurationList;
			buildConfigurations = (
				224274C41913C17600B505C0 /* Debug */,
				224274C51913C17600B505C0 /* Release */,
			);
			defaultConfigurationIsVisible = 0;
		};
		224274C61913C17600B505C0 /* Build configuration list for PBXNativeTarget "VocAppTests" */ = {
			isa = XCConfigurationList;
			buildConfigurations = (
				224274C71913C17600B505C0 /* Debug */,
				224274C81913C17600B505C0 /* Release */,
			);
			defaultConfigurationIsVisible = 0;
		};
/* End XCConfigurationList section */
	};
	rootObject = 224274891913C17600B505C0 /* Project object */;
}
